
Microsoft Visual Studio Solution File, Format Version 12.00
# Visual Studio Version 16
VisualStudioVersion = 16.0.30717.126
MinimumVisualStudioVersion = 10.0.40219.1
Project("{FAE04EC0-301F-11D3-BF4B-00C04F79EFBC}") = "GitHubCITest", "GitHubCITest\GitHubCITest.csproj", "{E0B4EF35-B39E-4E68-8EF7-7F95F7B43D9D}"
EndProject
Global
	GlobalSection(SolutionConfigurationPlatforms) = preSolution
		Debug|Any CPU = Debug|Any CPU
		Release|Any CPU = Release|Any CPU
	EndGlobalSection
	GlobalSection(ProjectConfigurationPlatforms) = postSolution
		{E0B4EF35-B39E-4E68-8EF7-7F95F7B43D9D}.Debug|Any CPU.ActiveCfg = Debug|Any CPU
		{E0B4EF35-B39E-4E68-8EF7-7F95F7B43D9D}.Debug|Any CPU.Build.0 = Debug|Any CPU
		{E0B4EF35-B39E-4E68-8EF7-7F95F7B43D9D}.Release|Any CPU.ActiveCfg = Release|Any CPU
		{E0B4EF35-B39E-4E68-8EF7-7F95F7B43D9D}.Release|Any CPU.Build.0 = Release|Any CPU
	EndGlobalSection
	GlobalSection(SolutionProperties) = preSolution
		HideSolutionNode = FALSE
	EndGlobalSection
	GlobalSection(ExtensibilityGlobals) = postSolution
		SolutionGuid = {4A44685F-897D-418E-B9BB-2EA477369176}
	EndGlobalSection
EndGlobal
